
Microsoft Visual Studio Solution File, Format Version 12.00
# Visual Studio Version 16
VisualStudioVersion = 16.0.33328.57
MinimumVisualStudioVersion = 10.0.40219.1
Project("{9A19103F-16F7-4668-BE54-9A1E7A4F7556}") = "AiderHubAtual", "AiderHubAtual\AiderHubAtual.csproj", "{1DE3E39F-557E-4C10-AD52-FB17FEAF3492}"
EndProject
Global
	GlobalSection(SolutionConfigurationPlatforms) = preSolution
		Debug|Any CPU = Debug|Any CPU
		Release|Any CPU = Release|Any CPU
	EndGlobalSection
	GlobalSection(ProjectConfigurationPlatforms) = postSolution
		{1DE3E39F-557E-4C10-AD52-FB17FEAF3492}.Debug|Any CPU.ActiveCfg = Debug|Any CPU
		{1DE3E39F-557E-4C10-AD52-FB17FEAF3492}.Debug|Any CPU.Build.0 = Debug|Any CPU
		{1DE3E39F-557E-4C10-AD52-FB17FEAF3492}.Release|Any CPU.ActiveCfg = Release|Any CPU
		{1DE3E39F-557E-4C10-AD52-FB17FEAF3492}.Release|Any CPU.Build.0 = Release|Any CPU
	EndGlobalSection
	GlobalSection(SolutionProperties) = preSolution
		HideSolutionNode = FALSE
	EndGlobalSection
	GlobalSection(ExtensibilityGlobals) = postSolution
		SolutionGuid = {008E3D56-8882-4623-8B8D-43E98B6CC888}
	EndGlobalSection
EndGlobal
